// !$*UTF8*$!
{
	archiveVersion = 1;
	classes = {
	};
	objectVersion = 50;
	objects = {

/* Begin PBXBuildFile section */
		137F1B957EBBD7E6DEC3CDA7 /* Pods_TIMII3Tests.framework in Frameworks */ = {isa = PBXBuildFile; fileRef = 62003BEE0B871C0DD255D3B4 /* Pods_TIMII3Tests.framework */; };
		952165A021AD8AF40094B8AB /* NewTimerViewController.xml in Resources */ = {isa = PBXBuildFile; fileRef = 9521659F21AD8AF40094B8AB /* NewTimerViewController.xml */; };
		952165A221AD8E260094B8AB /* TimerCollectionViewController.swift in Sources */ = {isa = PBXBuildFile; fileRef = 952165A121AD8E260094B8AB /* TimerCollectionViewController.swift */; };
		953094BB216EEBA500384DF8 /* Login.swift in Sources */ = {isa = PBXBuildFile; fileRef = 953094BA216EEBA500384DF8 /* Login.swift */; };
		9547754721862F7400D7972A /* Ownable.swift in Sources */ = {isa = PBXBuildFile; fileRef = 9547754621862F7400D7972A /* Ownable.swift */; };
		95533F6F21705AA2004391AF /* Firestoreable.swift in Sources */ = {isa = PBXBuildFile; fileRef = 95533F6E21705AA2004391AF /* Firestoreable.swift */; };
		95533F712170E298004391AF /* Member.swift in Sources */ = {isa = PBXBuildFile; fileRef = 95533F702170E298004391AF /* Member.swift */; };
		9563D5E82172AD7100708913 /* AuthenticationMethod.swift in Sources */ = {isa = PBXBuildFile; fileRef = 9563D5E72172AD7100708913 /* AuthenticationMethod.swift */; };
		957CD69E216D995B000CE343 /* AppDelegate.swift in Sources */ = {isa = PBXBuildFile; fileRef = 957CD69D216D995B000CE343 /* AppDelegate.swift */; };
		957CD6A5216D995C000CE343 /* Assets.xcassets in Resources */ = {isa = PBXBuildFile; fileRef = 957CD6A4216D995C000CE343 /* Assets.xcassets */; };
		957CD6B3216D995C000CE343 /* TIMII3Tests.swift in Sources */ = {isa = PBXBuildFile; fileRef = 957CD6B2216D995C000CE343 /* TIMII3Tests.swift */; };
		957CD6BE216D995C000CE343 /* TIMII3UITests.swift in Sources */ = {isa = PBXBuildFile; fileRef = 957CD6BD216D995C000CE343 /* TIMII3UITests.swift */; };
		957CD6CC216D9CD9000CE343 /* GoogleService-Info.plist in Resources */ = {isa = PBXBuildFile; fileRef = 957CD6CB216D9CD9000CE343 /* GoogleService-Info.plist */; };
		957CD6CD216D9CD9000CE343 /* GoogleService-Info.plist in Resources */ = {isa = PBXBuildFile; fileRef = 957CD6CB216D9CD9000CE343 /* GoogleService-Info.plist */; };
		957CD6CE216D9CD9000CE343 /* GoogleService-Info.plist in Resources */ = {isa = PBXBuildFile; fileRef = 957CD6CB216D9CD9000CE343 /* GoogleService-Info.plist */; };
		957CD6D2216DA10D000CE343 /* Main.swift in Sources */ = {isa = PBXBuildFile; fileRef = 957CD6D1216DA10D000CE343 /* Main.swift */; };
		95B0AA92216E42E100E73F36 /* FirestoreableTests.swift in Sources */ = {isa = PBXBuildFile; fileRef = 95B0AA91216E42E100E73F36 /* FirestoreableTests.swift */; };
		95B650C221B251480020275A /* TimerCollectionCell.xml in Resources */ = {isa = PBXBuildFile; fileRef = 95B650C121B251480020275A /* TimerCollectionCell.xml */; };
		95B650C621B251E80020275A /* TimerCollectionViewController.xml in Resources */ = {isa = PBXBuildFile; fileRef = 95B650C521B251E80020275A /* TimerCollectionViewController.xml */; };
		95C8F8AF2187DC7A003AED25 /* DashboardScreenViewController.swift in Sources */ = {isa = PBXBuildFile; fileRef = 95C8F8AE2187DC7A003AED25 /* DashboardScreenViewController.swift */; };
		95C8F8B12187DC9E003AED25 /* DashboardScreenViewController.xml in Resources */ = {isa = PBXBuildFile; fileRef = 95C8F8B02187DC9E003AED25 /* DashboardScreenViewController.xml */; };
		95C8F8B52188038B003AED25 /* ActiveTimerViewController.swift in Sources */ = {isa = PBXBuildFile; fileRef = 95C8F8B42188038B003AED25 /* ActiveTimerViewController.swift */; };
		95C8F8B72188106C003AED25 /* ActiveTimerViewController.xml in Resources */ = {isa = PBXBuildFile; fileRef = 95C8F8B62188106C003AED25 /* ActiveTimerViewController.xml */; };
		95D34F162173DA0500BB6547 /* TimiiExtension.swift in Sources */ = {isa = PBXBuildFile; fileRef = 95D34F152173DA0500BB6547 /* TimiiExtension.swift */; };
		95D34F182173DA5900BB6547 /* Timii.swift in Sources */ = {isa = PBXBuildFile; fileRef = 95D34F172173DA5900BB6547 /* Timii.swift */; };
		95EC6A07216EF2D200643F19 /* LoginScreen.swift in Sources */ = {isa = PBXBuildFile; fileRef = 95EC6A06216EF2D200643F19 /* LoginScreen.swift */; };
		95EC6A09216EF42900643F19 /* CreateAccountScreen.swift in Sources */ = {isa = PBXBuildFile; fileRef = 95EC6A08216EF42900643F19 /* CreateAccountScreen.swift */; };
		95EC6A0C216F0CE500643F19 /* LoginScreen.xml in Resources */ = {isa = PBXBuildFile; fileRef = 95EC6A0B216F0CE500643F19 /* LoginScreen.xml */; };
		95EC6A0E216F0D2A00643F19 /* CreateAccountScreen.xml in Resources */ = {isa = PBXBuildFile; fileRef = 95EC6A0D216F0D2A00643F19 /* CreateAccountScreen.xml */; };
		95EC6A10216F103200643F19 /* Main.xml in Resources */ = {isa = PBXBuildFile; fileRef = 95EC6A0F216F103200643F19 /* Main.xml */; };
		95EC6A13216F139C00643F19 /* SettingScreenViewController.xml in Resources */ = {isa = PBXBuildFile; fileRef = 95EC6A12216F139C00643F19 /* SettingScreenViewController.xml */; };
		95EC6A15216F13F900643F19 /* SettingScreenViewController.swift in Sources */ = {isa = PBXBuildFile; fileRef = 95EC6A14216F13F900643F19 /* SettingScreenViewController.swift */; };
		95EC6A17216F152600643F19 /* Colors.swift in Sources */ = {isa = PBXBuildFile; fileRef = 95EC6A16216F152600643F19 /* Colors.swift */; };
		95EC6A19216F8A8A00643F19 /* Launch Screen.storyboard in Resources */ = {isa = PBXBuildFile; fileRef = 95EC6A18216F8A8A00643F19 /* Launch Screen.storyboard */; };
		95EC6A1C21701D0E00643F19 /* Nameable.swift in Sources */ = {isa = PBXBuildFile; fileRef = 95EC6A1B21701D0E00643F19 /* Nameable.swift */; };
		AC9368CD879471FF007D3B11 /* Pods_TIMII3.framework in Frameworks */ = {isa = PBXBuildFile; fileRef = A6FEA52EC11DEB5CA6E837DB /* Pods_TIMII3.framework */; };
		C39C09D93A7EF0ACD0E38FDD /* Pods_TIMII3UITests.framework in Frameworks */ = {isa = PBXBuildFile; fileRef = 06B23BA55C61789A76275FA4 /* Pods_TIMII3UITests.framework */; };
/* End PBXBuildFile section */

/* Begin PBXContainerItemProxy section */
		957CD6AF216D995C000CE343 /* PBXContainerItemProxy */ = {
			isa = PBXContainerItemProxy;
			containerPortal = 957CD692216D995B000CE343 /* Project object */;
			proxyType = 1;
			remoteGlobalIDString = 957CD699216D995B000CE343;
			remoteInfo = TIMII3;
		};
		957CD6BA216D995C000CE343 /* PBXContainerItemProxy */ = {
			isa = PBXContainerItemProxy;
			containerPortal = 957CD692216D995B000CE343 /* Project object */;
			proxyType = 1;
			remoteGlobalIDString = 957CD699216D995B000CE343;
			remoteInfo = TIMII3;
		};
/* End PBXContainerItemProxy section */

/* Begin PBXFileReference section */
		06B23BA55C61789A76275FA4 /* Pods_TIMII3UITests.framework */ = {isa = PBXFileReference; explicitFileType = wrapper.framework; includeInIndex = 0; path = Pods_TIMII3UITests.framework; sourceTree = BUILT_PRODUCTS_DIR; };
		58874D64B9EB647EC9DCACE1 /* Pods-TIMII3.release.xcconfig */ = {isa = PBXFileReference; includeInIndex = 1; lastKnownFileType = text.xcconfig; name = "Pods-TIMII3.release.xcconfig"; path = "Pods/Target Support Files/Pods-TIMII3/Pods-TIMII3.release.xcconfig"; sourceTree = "<group>"; };
		5C6E2750660F39C3A454D323 /* Pods-TIMII3UITests.release.xcconfig */ = {isa = PBXFileReference; includeInIndex = 1; lastKnownFileType = text.xcconfig; name = "Pods-TIMII3UITests.release.xcconfig"; path = "Pods/Target Support Files/Pods-TIMII3UITests/Pods-TIMII3UITests.release.xcconfig"; sourceTree = "<group>"; };
		62003BEE0B871C0DD255D3B4 /* Pods_TIMII3Tests.framework */ = {isa = PBXFileReference; explicitFileType = wrapper.framework; includeInIndex = 0; path = Pods_TIMII3Tests.framework; sourceTree = BUILT_PRODUCTS_DIR; };
		6F190E17B9C78B61B2D5E588 /* Pods-TIMII3.debug.xcconfig */ = {isa = PBXFileReference; includeInIndex = 1; lastKnownFileType = text.xcconfig; name = "Pods-TIMII3.debug.xcconfig"; path = "Pods/Target Support Files/Pods-TIMII3/Pods-TIMII3.debug.xcconfig"; sourceTree = "<group>"; };
		9521659F21AD8AF40094B8AB /* NewTimerViewController.xml */ = {isa = PBXFileReference; lastKnownFileType = text.xml; path = NewTimerViewController.xml; sourceTree = "<group>"; };
		952165A121AD8E260094B8AB /* TimerCollectionViewController.swift */ = {isa = PBXFileReference; lastKnownFileType = sourcecode.swift; path = TimerCollectionViewController.swift; sourceTree = "<group>"; };
		953094BA216EEBA500384DF8 /* Login.swift */ = {isa = PBXFileReference; lastKnownFileType = sourcecode.swift; path = Login.swift; sourceTree = "<group>"; };
		9547754621862F7400D7972A /* Ownable.swift */ = {isa = PBXFileReference; lastKnownFileType = sourcecode.swift; path = Ownable.swift; sourceTree = "<group>"; };
		95533F6E21705AA2004391AF /* Firestoreable.swift */ = {isa = PBXFileReference; lastKnownFileType = sourcecode.swift; path = Firestoreable.swift; sourceTree = "<group>"; };
		95533F702170E298004391AF /* Member.swift */ = {isa = PBXFileReference; lastKnownFileType = sourcecode.swift; path = Member.swift; sourceTree = "<group>"; };
		9563D5E72172AD7100708913 /* AuthenticationMethod.swift */ = {isa = PBXFileReference; lastKnownFileType = sourcecode.swift; path = AuthenticationMethod.swift; sourceTree = "<group>"; };
		95712A9A5AEB0D218884A9F5 /* Pods-TIMII3Tests.release.xcconfig */ = {isa = PBXFileReference; includeInIndex = 1; lastKnownFileType = text.xcconfig; name = "Pods-TIMII3Tests.release.xcconfig"; path = "Pods/Target Support Files/Pods-TIMII3Tests/Pods-TIMII3Tests.release.xcconfig"; sourceTree = "<group>"; };
		957CD69A216D995B000CE343 /* TIMII3.app */ = {isa = PBXFileReference; explicitFileType = wrapper.application; includeInIndex = 0; path = TIMII3.app; sourceTree = BUILT_PRODUCTS_DIR; };
		957CD69D216D995B000CE343 /* AppDelegate.swift */ = {isa = PBXFileReference; lastKnownFileType = sourcecode.swift; path = AppDelegate.swift; sourceTree = "<group>"; };
		957CD6A4216D995C000CE343 /* Assets.xcassets */ = {isa = PBXFileReference; lastKnownFileType = folder.assetcatalog; path = Assets.xcassets; sourceTree = "<group>"; };
		957CD6A9216D995C000CE343 /* Info.plist */ = {isa = PBXFileReference; lastKnownFileType = text.plist.xml; path = Info.plist; sourceTree = "<group>"; };
		957CD6AE216D995C000CE343 /* TIMII3Tests.xctest */ = {isa = PBXFileReference; explicitFileType = wrapper.cfbundle; includeInIndex = 0; path = TIMII3Tests.xctest; sourceTree = BUILT_PRODUCTS_DIR; };
		957CD6B2216D995C000CE343 /* TIMII3Tests.swift */ = {isa = PBXFileReference; lastKnownFileType = sourcecode.swift; path = TIMII3Tests.swift; sourceTree = "<group>"; };
		957CD6B4216D995C000CE343 /* Info.plist */ = {isa = PBXFileReference; lastKnownFileType = text.plist.xml; path = Info.plist; sourceTree = "<group>"; };
		957CD6B9216D995C000CE343 /* TIMII3UITests.xctest */ = {isa = PBXFileReference; explicitFileType = wrapper.cfbundle; includeInIndex = 0; path = TIMII3UITests.xctest; sourceTree = BUILT_PRODUCTS_DIR; };
		957CD6BD216D995C000CE343 /* TIMII3UITests.swift */ = {isa = PBXFileReference; lastKnownFileType = sourcecode.swift; path = TIMII3UITests.swift; sourceTree = "<group>"; };
		957CD6BF216D995C000CE343 /* Info.plist */ = {isa = PBXFileReference; lastKnownFileType = text.plist.xml; path = Info.plist; sourceTree = "<group>"; };
		957CD6CB216D9CD9000CE343 /* GoogleService-Info.plist */ = {isa = PBXFileReference; fileEncoding = 4; lastKnownFileType = text.plist.xml; path = "GoogleService-Info.plist"; sourceTree = "<group>"; };
		957CD6D1216DA10D000CE343 /* Main.swift */ = {isa = PBXFileReference; lastKnownFileType = sourcecode.swift; path = Main.swift; sourceTree = "<group>"; };
		95B0AA91216E42E100E73F36 /* FirestoreableTests.swift */ = {isa = PBXFileReference; lastKnownFileType = sourcecode.swift; path = FirestoreableTests.swift; sourceTree = "<group>"; };
		95B650C121B251480020275A /* TimerCollectionCell.xml */ = {isa = PBXFileReference; lastKnownFileType = text.xml; path = TimerCollectionCell.xml; sourceTree = "<group>"; };
		95B650C521B251E80020275A /* TimerCollectionViewController.xml */ = {isa = PBXFileReference; lastKnownFileType = text.xml; path = TimerCollectionViewController.xml; sourceTree = "<group>"; };
		95C8F8AE2187DC7A003AED25 /* DashboardScreenViewController.swift */ = {isa = PBXFileReference; lastKnownFileType = sourcecode.swift; path = DashboardScreenViewController.swift; sourceTree = "<group>"; };
		95C8F8B02187DC9E003AED25 /* DashboardScreenViewController.xml */ = {isa = PBXFileReference; lastKnownFileType = text.xml; path = DashboardScreenViewController.xml; sourceTree = "<group>"; };
		95C8F8B42188038B003AED25 /* ActiveTimerViewController.swift */ = {isa = PBXFileReference; lastKnownFileType = sourcecode.swift; path = ActiveTimerViewController.swift; sourceTree = "<group>"; };
		95C8F8B62188106C003AED25 /* ActiveTimerViewController.xml */ = {isa = PBXFileReference; lastKnownFileType = text.xml; path = ActiveTimerViewController.xml; sourceTree = "<group>"; };
		95D34F152173DA0500BB6547 /* TimiiExtension.swift */ = {isa = PBXFileReference; lastKnownFileType = sourcecode.swift; path = TimiiExtension.swift; sourceTree = "<group>"; };
		95D34F172173DA5900BB6547 /* Timii.swift */ = {isa = PBXFileReference; lastKnownFileType = sourcecode.swift; path = Timii.swift; sourceTree = "<group>"; };
		95EC6A06216EF2D200643F19 /* LoginScreen.swift */ = {isa = PBXFileReference; lastKnownFileType = sourcecode.swift; path = LoginScreen.swift; sourceTree = "<group>"; };
		95EC6A08216EF42900643F19 /* CreateAccountScreen.swift */ = {isa = PBXFileReference; lastKnownFileType = sourcecode.swift; path = CreateAccountScreen.swift; sourceTree = "<group>"; };
		95EC6A0B216F0CE500643F19 /* LoginScreen.xml */ = {isa = PBXFileReference; lastKnownFileType = text.xml; path = LoginScreen.xml; sourceTree = "<group>"; };
		95EC6A0D216F0D2A00643F19 /* CreateAccountScreen.xml */ = {isa = PBXFileReference; lastKnownFileType = text.xml; path = CreateAccountScreen.xml; sourceTree = "<group>"; };
		95EC6A0F216F103200643F19 /* Main.xml */ = {isa = PBXFileReference; lastKnownFileType = text.xml; path = Main.xml; sourceTree = "<group>"; };
		95EC6A12216F139C00643F19 /* SettingScreenViewController.xml */ = {isa = PBXFileReference; lastKnownFileType = text.xml; path = SettingScreenViewController.xml; sourceTree = "<group>"; };
		95EC6A14216F13F900643F19 /* SettingScreenViewController.swift */ = {isa = PBXFileReference; lastKnownFileType = sourcecode.swift; path = SettingScreenViewController.swift; sourceTree = "<group>"; };
		95EC6A16216F152600643F19 /* Colors.swift */ = {isa = PBXFileReference; lastKnownFileType = sourcecode.swift; path = Colors.swift; sourceTree = "<group>"; };
		95EC6A18216F8A8A00643F19 /* Launch Screen.storyboard */ = {isa = PBXFileReference; lastKnownFileType = file.storyboard; path = "Launch Screen.storyboard"; sourceTree = "<group>"; };
		95EC6A1B21701D0E00643F19 /* Nameable.swift */ = {isa = PBXFileReference; lastKnownFileType = sourcecode.swift; path = Nameable.swift; sourceTree = "<group>"; };
		A6FEA52EC11DEB5CA6E837DB /* Pods_TIMII3.framework */ = {isa = PBXFileReference; explicitFileType = wrapper.framework; includeInIndex = 0; path = Pods_TIMII3.framework; sourceTree = BUILT_PRODUCTS_DIR; };
		CA5FE0379ECC65832EEBAD4A /* Pods-TIMII3UITests.debug.xcconfig */ = {isa = PBXFileReference; includeInIndex = 1; lastKnownFileType = text.xcconfig; name = "Pods-TIMII3UITests.debug.xcconfig"; path = "Pods/Target Support Files/Pods-TIMII3UITests/Pods-TIMII3UITests.debug.xcconfig"; sourceTree = "<group>"; };
		ED886FF05C322156D098D5AB /* Pods-TIMII3Tests.debug.xcconfig */ = {isa = PBXFileReference; includeInIndex = 1; lastKnownFileType = text.xcconfig; name = "Pods-TIMII3Tests.debug.xcconfig"; path = "Pods/Target Support Files/Pods-TIMII3Tests/Pods-TIMII3Tests.debug.xcconfig"; sourceTree = "<group>"; };
/* End PBXFileReference section */

/* Begin PBXFrameworksBuildPhase section */
		957CD697216D995B000CE343 /* Frameworks */ = {
			isa = PBXFrameworksBuildPhase;
			buildActionMask = 2147483647;
			files = (
				AC9368CD879471FF007D3B11 /* Pods_TIMII3.framework in Frameworks */,
			);
			runOnlyForDeploymentPostprocessing = 0;
		};
		957CD6AB216D995C000CE343 /* Frameworks */ = {
			isa = PBXFrameworksBuildPhase;
			buildActionMask = 2147483647;
			files = (
				137F1B957EBBD7E6DEC3CDA7 /* Pods_TIMII3Tests.framework in Frameworks */,
			);
			runOnlyForDeploymentPostprocessing = 0;
		};
		957CD6B6216D995C000CE343 /* Frameworks */ = {
			isa = PBXFrameworksBuildPhase;
			buildActionMask = 2147483647;
			files = (
				C39C09D93A7EF0ACD0E38FDD /* Pods_TIMII3UITests.framework in Frameworks */,
			);
			runOnlyForDeploymentPostprocessing = 0;
		};
/* End PBXFrameworksBuildPhase section */

/* Begin PBXGroup section */
		957CD691216D995B000CE343 = {
			isa = PBXGroup;
			children = (
				957CD69C216D995B000CE343 /* TIMII3 */,
				957CD6B1216D995C000CE343 /* TIMII3Tests */,
				957CD6BC216D995C000CE343 /* TIMII3UITests */,
				957CD69B216D995B000CE343 /* Products */,
				A71EE59D41257048088AA2F8 /* Frameworks */,
				D2358168CD14C5AC10B7975A /* Pods */,
			);
			sourceTree = "<group>";
		};
		957CD69B216D995B000CE343 /* Products */ = {
			isa = PBXGroup;
			children = (
				957CD69A216D995B000CE343 /* TIMII3.app */,
				957CD6AE216D995C000CE343 /* TIMII3Tests.xctest */,
				957CD6B9216D995C000CE343 /* TIMII3UITests.xctest */,
			);
			name = Products;
			sourceTree = "<group>";
		};
		957CD69C216D995B000CE343 /* TIMII3 */ = {
			isa = PBXGroup;
			children = (
				95EC6A11216F11FF00643F19 /* Models */,
				95EC6A0A216F0C9F00643F19 /* Views */,
				957CD6A4216D995C000CE343 /* Assets.xcassets */,
				957CD6A9216D995C000CE343 /* Info.plist */,
				957CD69D216D995B000CE343 /* AppDelegate.swift */,
				957CD6CB216D9CD9000CE343 /* GoogleService-Info.plist */,
				95EC6A18216F8A8A00643F19 /* Launch Screen.storyboard */,
			);
			path = TIMII3;
			sourceTree = "<group>";
		};
		957CD6B1216D995C000CE343 /* TIMII3Tests */ = {
			isa = PBXGroup;
			children = (
				95B0AA91216E42E100E73F36 /* FirestoreableTests.swift */,
				957CD6B2216D995C000CE343 /* TIMII3Tests.swift */,
				957CD6B4216D995C000CE343 /* Info.plist */,
			);
			path = TIMII3Tests;
			sourceTree = "<group>";
		};
		957CD6BC216D995C000CE343 /* TIMII3UITests */ = {
			isa = PBXGroup;
			children = (
				957CD6BD216D995C000CE343 /* TIMII3UITests.swift */,
				957CD6BF216D995C000CE343 /* Info.plist */,
			);
			path = TIMII3UITests;
			sourceTree = "<group>";
		};
		95EC6A0A216F0C9F00643F19 /* Views */ = {
			isa = PBXGroup;
			children = (
				95EC6A1A216F9DF100643F19 /* Login */,
				957CD6D1216DA10D000CE343 /* Main.swift */,
				95EC6A0F216F103200643F19 /* Main.xml */,
				95C8F8AE2187DC7A003AED25 /* DashboardScreenViewController.swift */,
				95C8F8B02187DC9E003AED25 /* DashboardScreenViewController.xml */,
				95EC6A14216F13F900643F19 /* SettingScreenViewController.swift */,
				95EC6A12216F139C00643F19 /* SettingScreenViewController.xml */,
				95C8F8B42188038B003AED25 /* ActiveTimerViewController.swift */,
				95C8F8B62188106C003AED25 /* ActiveTimerViewController.xml */,
				952165A121AD8E260094B8AB /* TimerCollectionViewController.swift */,
				95B650C521B251E80020275A /* TimerCollectionViewController.xml */,
				95B650C121B251480020275A /* TimerCollectionCell.xml */,
				9521659F21AD8AF40094B8AB /* NewTimerViewController.xml */,
			);
			path = Views;
			sourceTree = "<group>";
		};
		95EC6A11216F11FF00643F19 /* Models */ = {
			isa = PBXGroup;
			children = (
				95533F702170E298004391AF /* Member.swift */,
				95D34F172173DA5900BB6547 /* Timii.swift */,
				95D34F152173DA0500BB6547 /* TimiiExtension.swift */,
				9563D5E72172AD7100708913 /* AuthenticationMethod.swift */,
				95533F6E21705AA2004391AF /* Firestoreable.swift */,
				95EC6A1B21701D0E00643F19 /* Nameable.swift */,
				9547754621862F7400D7972A /* Ownable.swift */,
				95EC6A16216F152600643F19 /* Colors.swift */,
			);
			path = Models;
			sourceTree = "<group>";
		};
		95EC6A1A216F9DF100643F19 /* Login */ = {
			isa = PBXGroup;
			children = (
				953094BA216EEBA500384DF8 /* Login.swift */,
				95EC6A06216EF2D200643F19 /* LoginScreen.swift */,
				95EC6A0B216F0CE500643F19 /* LoginScreen.xml */,
				95EC6A08216EF42900643F19 /* CreateAccountScreen.swift */,
				95EC6A0D216F0D2A00643F19 /* CreateAccountScreen.xml */,
			);
			path = Login;
			sourceTree = "<group>";
		};
		A71EE59D41257048088AA2F8 /* Frameworks */ = {
			isa = PBXGroup;
			children = (
				A6FEA52EC11DEB5CA6E837DB /* Pods_TIMII3.framework */,
				62003BEE0B871C0DD255D3B4 /* Pods_TIMII3Tests.framework */,
				06B23BA55C61789A76275FA4 /* Pods_TIMII3UITests.framework */,
			);
			name = Frameworks;
			sourceTree = "<group>";
		};
		D2358168CD14C5AC10B7975A /* Pods */ = {
			isa = PBXGroup;
			children = (
				6F190E17B9C78B61B2D5E588 /* Pods-TIMII3.debug.xcconfig */,
				58874D64B9EB647EC9DCACE1 /* Pods-TIMII3.release.xcconfig */,
				ED886FF05C322156D098D5AB /* Pods-TIMII3Tests.debug.xcconfig */,
				95712A9A5AEB0D218884A9F5 /* Pods-TIMII3Tests.release.xcconfig */,
				CA5FE0379ECC65832EEBAD4A /* Pods-TIMII3UITests.debug.xcconfig */,
				5C6E2750660F39C3A454D323 /* Pods-TIMII3UITests.release.xcconfig */,
			);
			name = Pods;
			sourceTree = "<group>";
		};
/* End PBXGroup section */

/* Begin PBXNativeTarget section */
		957CD699216D995B000CE343 /* TIMII3 */ = {
			isa = PBXNativeTarget;
			buildConfigurationList = 957CD6C2216D995C000CE343 /* Build configuration list for PBXNativeTarget "TIMII3" */;
			buildPhases = (
				EFC099EFADE108BED027C962 /* [CP] Check Pods Manifest.lock */,
				957CD696216D995B000CE343 /* Sources */,
				957CD697216D995B000CE343 /* Frameworks */,
				957CD698216D995B000CE343 /* Resources */,
				BD7632240F514DA1A4E032ED /* [CP] Embed Pods Frameworks */,
				447B6B83357352E6B2EC0874 /* [CP] Copy Pods Resources */,
			);
			buildRules = (
			);
			dependencies = (
			);
			name = TIMII3;
			productName = TIMII3;
			productReference = 957CD69A216D995B000CE343 /* TIMII3.app */;
			productType = "com.apple.product-type.application";
		};
		957CD6AD216D995C000CE343 /* TIMII3Tests */ = {
			isa = PBXNativeTarget;
			buildConfigurationList = 957CD6C5216D995C000CE343 /* Build configuration list for PBXNativeTarget "TIMII3Tests" */;
			buildPhases = (
				B11EDFE2E3545AED6D3C1D16 /* [CP] Check Pods Manifest.lock */,
				957CD6AA216D995C000CE343 /* Sources */,
				957CD6AB216D995C000CE343 /* Frameworks */,
				957CD6AC216D995C000CE343 /* Resources */,
			);
			buildRules = (
			);
			dependencies = (
				957CD6B0216D995C000CE343 /* PBXTargetDependency */,
			);
			name = TIMII3Tests;
			productName = TIMII3Tests;
			productReference = 957CD6AE216D995C000CE343 /* TIMII3Tests.xctest */;
			productType = "com.apple.product-type.bundle.unit-test";
		};
		957CD6B8216D995C000CE343 /* TIMII3UITests */ = {
			isa = PBXNativeTarget;
			buildConfigurationList = 957CD6C8216D995C000CE343 /* Build configuration list for PBXNativeTarget "TIMII3UITests" */;
			buildPhases = (
				DDE2587E0E5CC3E11C1E3AF0 /* [CP] Check Pods Manifest.lock */,
				957CD6B5216D995C000CE343 /* Sources */,
				957CD6B6216D995C000CE343 /* Frameworks */,
				957CD6B7216D995C000CE343 /* Resources */,
			);
			buildRules = (
			);
			dependencies = (
				957CD6BB216D995C000CE343 /* PBXTargetDependency */,
			);
			name = TIMII3UITests;
			productName = TIMII3UITests;
			productReference = 957CD6B9216D995C000CE343 /* TIMII3UITests.xctest */;
			productType = "com.apple.product-type.bundle.ui-testing";
		};
/* End PBXNativeTarget section */

/* Begin PBXProject section */
		957CD692216D995B000CE343 /* Project object */ = {
			isa = PBXProject;
			attributes = {
				LastSwiftUpdateCheck = 1000;
				LastUpgradeCheck = 1000;
				ORGANIZATIONNAME = Autonomii;
				TargetAttributes = {
					957CD699216D995B000CE343 = {
						CreatedOnToolsVersion = 10.0;
					};
					957CD6AD216D995C000CE343 = {
						CreatedOnToolsVersion = 10.0;
						TestTargetID = 957CD699216D995B000CE343;
					};
					957CD6B8216D995C000CE343 = {
						CreatedOnToolsVersion = 10.0;
						TestTargetID = 957CD699216D995B000CE343;
					};
				};
			};
			buildConfigurationList = 957CD695216D995B000CE343 /* Build configuration list for PBXProject "TIMII3" */;
			compatibilityVersion = "Xcode 9.3";
			developmentRegion = en;
			hasScannedForEncodings = 0;
			knownRegions = (
				en,
				Base,
			);
			mainGroup = 957CD691216D995B000CE343;
			productRefGroup = 957CD69B216D995B000CE343 /* Products */;
			projectDirPath = "";
			projectRoot = "";
			targets = (
				957CD699216D995B000CE343 /* TIMII3 */,
				957CD6AD216D995C000CE343 /* TIMII3Tests */,
				957CD6B8216D995C000CE343 /* TIMII3UITests */,
			);
		};
/* End PBXProject section */

/* Begin PBXResourcesBuildPhase section */
		957CD698216D995B000CE343 /* Resources */ = {
			isa = PBXResourcesBuildPhase;
			buildActionMask = 2147483647;
			files = (
				95EC6A13216F139C00643F19 /* SettingScreenViewController.xml in Resources */,
				95EC6A0C216F0CE500643F19 /* LoginScreen.xml in Resources */,
				95B650C221B251480020275A /* TimerCollectionCell.xml in Resources */,
				95C8F8B72188106C003AED25 /* ActiveTimerViewController.xml in Resources */,
				957CD6A5216D995C000CE343 /* Assets.xcassets in Resources */,
				95EC6A10216F103200643F19 /* Main.xml in Resources */,
				952165A021AD8AF40094B8AB /* NewTimerViewController.xml in Resources */,
				95C8F8B12187DC9E003AED25 /* DashboardScreenViewController.xml in Resources */,
				957CD6CC216D9CD9000CE343 /* GoogleService-Info.plist in Resources */,
				95B650C621B251E80020275A /* TimerCollectionViewController.xml in Resources */,
				95EC6A0E216F0D2A00643F19 /* CreateAccountScreen.xml in Resources */,
				95EC6A19216F8A8A00643F19 /* Launch Screen.storyboard in Resources */,
			);
			runOnlyForDeploymentPostprocessing = 0;
		};
		957CD6AC216D995C000CE343 /* Resources */ = {
			isa = PBXResourcesBuildPhase;
			buildActionMask = 2147483647;
			files = (
				957CD6CD216D9CD9000CE343 /* GoogleService-Info.plist in Resources */,
			);
			runOnlyForDeploymentPostprocessing = 0;
		};
		957CD6B7216D995C000CE343 /* Resources */ = {
			isa = PBXResourcesBuildPhase;
			buildActionMask = 2147483647;
			files = (
				957CD6CE216D9CD9000CE343 /* GoogleService-Info.plist in Resources */,
			);
			runOnlyForDeploymentPostprocessing = 0;
		};
/* End PBXResourcesBuildPhase section */

/* Begin PBXShellScriptBuildPhase section */
		447B6B83357352E6B2EC0874 /* [CP] Copy Pods Resources */ = {
			isa = PBXShellScriptBuildPhase;
			buildActionMask = 2147483647;
			files = (
			);
			inputPaths = (
				"${SRCROOT}/Pods/Target Support Files/Pods-TIMII3/Pods-TIMII3-resources.sh",
				"${PODS_CONFIGURATION_BUILD_DIR}/FirebaseFirestore/gRPCCertificates-Firestore.bundle",
			);
			name = "[CP] Copy Pods Resources";
			outputPaths = (
				"${TARGET_BUILD_DIR}/${UNLOCALIZED_RESOURCES_FOLDER_PATH}/gRPCCertificates-Firestore.bundle",
			);
			runOnlyForDeploymentPostprocessing = 0;
			shellPath = /bin/sh;
			shellScript = "\"${SRCROOT}/Pods/Target Support Files/Pods-TIMII3/Pods-TIMII3-resources.sh\"\n";
			showEnvVarsInLog = 0;
		};
		B11EDFE2E3545AED6D3C1D16 /* [CP] Check Pods Manifest.lock */ = {
			isa = PBXShellScriptBuildPhase;
			buildActionMask = 2147483647;
			files = (
			);
			inputPaths = (
				"${PODS_PODFILE_DIR_PATH}/Podfile.lock",
				"${PODS_ROOT}/Manifest.lock",
			);
			name = "[CP] Check Pods Manifest.lock";
			outputPaths = (
				"$(DERIVED_FILE_DIR)/Pods-TIMII3Tests-checkManifestLockResult.txt",
			);
			runOnlyForDeploymentPostprocessing = 0;
			shellPath = /bin/sh;
			shellScript = "diff \"${PODS_PODFILE_DIR_PATH}/Podfile.lock\" \"${PODS_ROOT}/Manifest.lock\" > /dev/null\nif [ $? != 0 ] ; then\n    # print error to STDERR\n    echo \"error: The sandbox is not in sync with the Podfile.lock. Run 'pod install' or update your CocoaPods installation.\" >&2\n    exit 1\nfi\n# This output is used by Xcode 'outputs' to avoid re-running this script phase.\necho \"SUCCESS\" > \"${SCRIPT_OUTPUT_FILE_0}\"\n";
			showEnvVarsInLog = 0;
		};
		BD7632240F514DA1A4E032ED /* [CP] Embed Pods Frameworks */ = {
			isa = PBXShellScriptBuildPhase;
			buildActionMask = 2147483647;
			files = (
			);
			inputPaths = (
				"${SRCROOT}/Pods/Target Support Files/Pods-TIMII3/Pods-TIMII3-frameworks.sh",
				"${BUILT_PRODUCTS_DIR}/BoringSSL/openssl.framework",
				"${BUILT_PRODUCTS_DIR}/GTMSessionFetcher/GTMSessionFetcher.framework",
				"${BUILT_PRODUCTS_DIR}/GoogleUtilities/GoogleUtilities.framework",
				"${BUILT_PRODUCTS_DIR}/Layout/Layout.framework",
				"${BUILT_PRODUCTS_DIR}/Protobuf/Protobuf.framework",
				"${BUILT_PRODUCTS_DIR}/gRPC-C++/grpcpp.framework",
				"${BUILT_PRODUCTS_DIR}/gRPC-Core/grpc.framework",
				"${BUILT_PRODUCTS_DIR}/leveldb-library/leveldb.framework",
				"${BUILT_PRODUCTS_DIR}/nanopb/nanopb.framework",
			);
			name = "[CP] Embed Pods Frameworks";
			outputPaths = (
				"${TARGET_BUILD_DIR}/${FRAMEWORKS_FOLDER_PATH}/openssl.framework",
				"${TARGET_BUILD_DIR}/${FRAMEWORKS_FOLDER_PATH}/GTMSessionFetcher.framework",
				"${TARGET_BUILD_DIR}/${FRAMEWORKS_FOLDER_PATH}/GoogleUtilities.framework",
				"${TARGET_BUILD_DIR}/${FRAMEWORKS_FOLDER_PATH}/Layout.framework",
				"${TARGET_BUILD_DIR}/${FRAMEWORKS_FOLDER_PATH}/Protobuf.framework",
				"${TARGET_BUILD_DIR}/${FRAMEWORKS_FOLDER_PATH}/grpcpp.framework",
				"${TARGET_BUILD_DIR}/${FRAMEWORKS_FOLDER_PATH}/grpc.framework",
				"${TARGET_BUILD_DIR}/${FRAMEWORKS_FOLDER_PATH}/leveldb.framework",
				"${TARGET_BUILD_DIR}/${FRAMEWORKS_FOLDER_PATH}/nanopb.framework",
			);
			runOnlyForDeploymentPostprocessing = 0;
			shellPath = /bin/sh;
			shellScript = "\"${SRCROOT}/Pods/Target Support Files/Pods-TIMII3/Pods-TIMII3-frameworks.sh\"\n";
			showEnvVarsInLog = 0;
		};
		DDE2587E0E5CC3E11C1E3AF0 /* [CP] Check Pods Manifest.lock */ = {
			isa = PBXShellScriptBuildPhase;
			buildActionMask = 2147483647;
			files = (
			);
			inputPaths = (
				"${PODS_PODFILE_DIR_PATH}/Podfile.lock",
				"${PODS_ROOT}/Manifest.lock",
			);
			name = "[CP] Check Pods Manifest.lock";
			outputPaths = (
				"$(DERIVED_FILE_DIR)/Pods-TIMII3UITests-checkManifestLockResult.txt",
			);
			runOnlyForDeploymentPostprocessing = 0;
			shellPath = /bin/sh;
			shellScript = "diff \"${PODS_PODFILE_DIR_PATH}/Podfile.lock\" \"${PODS_ROOT}/Manifest.lock\" > /dev/null\nif [ $? != 0 ] ; then\n    # print error to STDERR\n    echo \"error: The sandbox is not in sync with the Podfile.lock. Run 'pod install' or update your CocoaPods installation.\" >&2\n    exit 1\nfi\n# This output is used by Xcode 'outputs' to avoid re-running this script phase.\necho \"SUCCESS\" > \"${SCRIPT_OUTPUT_FILE_0}\"\n";
			showEnvVarsInLog = 0;
		};
		EFC099EFADE108BED027C962 /* [CP] Check Pods Manifest.lock */ = {
			isa = PBXShellScriptBuildPhase;
			buildActionMask = 2147483647;
			files = (
			);
			inputPaths = (
				"${PODS_PODFILE_DIR_PATH}/Podfile.lock",
				"${PODS_ROOT}/Manifest.lock",
			);
			name = "[CP] Check Pods Manifest.lock";
			outputPaths = (
				"$(DERIVED_FILE_DIR)/Pods-TIMII3-checkManifestLockResult.txt",
			);
			runOnlyForDeploymentPostprocessing = 0;
			shellPath = /bin/sh;
			shellScript = "diff \"${PODS_PODFILE_DIR_PATH}/Podfile.lock\" \"${PODS_ROOT}/Manifest.lock\" > /dev/null\nif [ $? != 0 ] ; then\n    # print error to STDERR\n    echo \"error: The sandbox is not in sync with the Podfile.lock. Run 'pod install' or update your CocoaPods installation.\" >&2\n    exit 1\nfi\n# This output is used by Xcode 'outputs' to avoid re-running this script phase.\necho \"SUCCESS\" > \"${SCRIPT_OUTPUT_FILE_0}\"\n";
			showEnvVarsInLog = 0;
		};
/* End PBXShellScriptBuildPhase section */

/* Begin PBXSourcesBuildPhase section */
		957CD696216D995B000CE343 /* Sources */ = {
			isa = PBXSourcesBuildPhase;
			buildActionMask = 2147483647;
			files = (
				957CD6D2216DA10D000CE343 /* Main.swift in Sources */,
				95EC6A17216F152600643F19 /* Colors.swift in Sources */,
				953094BB216EEBA500384DF8 /* Login.swift in Sources */,
				95C8F8B52188038B003AED25 /* ActiveTimerViewController.swift in Sources */,
				95EC6A09216EF42900643F19 /* CreateAccountScreen.swift in Sources */,
				95EC6A15216F13F900643F19 /* SettingScreenViewController.swift in Sources */,
				957CD69E216D995B000CE343 /* AppDelegate.swift in Sources */,
				95EC6A1C21701D0E00643F19 /* Nameable.swift in Sources */,
				95C8F8AF2187DC7A003AED25 /* DashboardScreenViewController.swift in Sources */,
				95D34F182173DA5900BB6547 /* Timii.swift in Sources */,
				95533F6F21705AA2004391AF /* Firestoreable.swift in Sources */,
				95D34F162173DA0500BB6547 /* TimiiExtension.swift in Sources */,
				9547754721862F7400D7972A /* Ownable.swift in Sources */,
				95EC6A07216EF2D200643F19 /* LoginScreen.swift in Sources */,
				95533F712170E298004391AF /* Member.swift in Sources */,
				952165A221AD8E260094B8AB /* TimerCollectionViewController.swift in Sources */,
				9563D5E82172AD7100708913 /* AuthenticationMethod.swift in Sources */,
			);
			runOnlyForDeploymentPostprocessing = 0;
		};
		957CD6AA216D995C000CE343 /* Sources */ = {
			isa = PBXSourcesBuildPhase;
			buildActionMask = 2147483647;
			files = (
				957CD6B3216D995C000CE343 /* TIMII3Tests.swift in Sources */,
				95B0AA92216E42E100E73F36 /* FirestoreableTests.swift in Sources */,
			);
			runOnlyForDeploymentPostprocessing = 0;
		};
		957CD6B5216D995C000CE343 /* Sources */ = {
			isa = PBXSourcesBuildPhase;
			buildActionMask = 2147483647;
			files = (
				957CD6BE216D995C000CE343 /* TIMII3UITests.swift in Sources */,
			);
			runOnlyForDeploymentPostprocessing = 0;
		};
/* End PBXSourcesBuildPhase section */

/* Begin PBXTargetDependency section */
		957CD6B0216D995C000CE343 /* PBXTargetDependency */ = {
			isa = PBXTargetDependency;
			target = 957CD699216D995B000CE343 /* TIMII3 */;
			targetProxy = 957CD6AF216D995C000CE343 /* PBXContainerItemProxy */;
		};
		957CD6BB216D995C000CE343 /* PBXTargetDependency */ = {
			isa = PBXTargetDependency;
			target = 957CD699216D995B000CE343 /* TIMII3 */;
			targetProxy = 957CD6BA216D995C000CE343 /* PBXContainerItemProxy */;
		};
/* End PBXTargetDependency section */

/* Begin XCBuildConfiguration section */
		957CD6C0216D995C000CE343 /* Debug */ = {
			isa = XCBuildConfiguration;
			buildSettings = {
				ALWAYS_SEARCH_USER_PATHS = NO;
				CLANG_ANALYZER_NONNULL = YES;
				CLANG_ANALYZER_NUMBER_OBJECT_CONVERSION = YES_AGGRESSIVE;
				CLANG_CXX_LANGUAGE_STANDARD = "gnu++14";
				CLANG_CXX_LIBRARY = "libc++";
				CLANG_ENABLE_MODULES = YES;
				CLANG_ENABLE_OBJC_ARC = YES;
				CLANG_ENABLE_OBJC_WEAK = YES;
				CLANG_WARN_BLOCK_CAPTURE_AUTORELEASING = YES;
				CLANG_WARN_BOOL_CONVERSION = YES;
				CLANG_WARN_COMMA = YES;
				CLANG_WARN_CONSTANT_CONVERSION = YES;
				CLANG_WARN_DEPRECATED_OBJC_IMPLEMENTATIONS = YES;
				CLANG_WARN_DIRECT_OBJC_ISA_USAGE = YES_ERROR;
				CLANG_WARN_DOCUMENTATION_COMMENTS = YES;
				CLANG_WARN_EMPTY_BODY = YES;
				CLANG_WARN_ENUM_CONVERSION = YES;
				CLANG_WARN_INFINITE_RECURSION = YES;
				CLANG_WARN_INT_CONVERSION = YES;
				CLANG_WARN_NON_LITERAL_NULL_CONVERSION = YES;
				CLANG_WARN_OBJC_IMPLICIT_RETAIN_SELF = YES;
				CLANG_WARN_OBJC_LITERAL_CONVERSION = YES;
				CLANG_WARN_OBJC_ROOT_CLASS = YES_ERROR;
				CLANG_WARN_RANGE_LOOP_ANALYSIS = YES;
				CLANG_WARN_STRICT_PROTOTYPES = YES;
				CLANG_WARN_SUSPICIOUS_MOVE = YES;
				CLANG_WARN_UNGUARDED_AVAILABILITY = YES_AGGRESSIVE;
				CLANG_WARN_UNREACHABLE_CODE = YES;
				CLANG_WARN__DUPLICATE_METHOD_MATCH = YES;
				CODE_SIGN_IDENTITY = "iPhone Developer";
				COPY_PHASE_STRIP = NO;
				DEBUG_INFORMATION_FORMAT = dwarf;
				ENABLE_STRICT_OBJC_MSGSEND = YES;
				ENABLE_TESTABILITY = YES;
				GCC_C_LANGUAGE_STANDARD = gnu11;
				GCC_DYNAMIC_NO_PIC = NO;
				GCC_NO_COMMON_BLOCKS = YES;
				GCC_OPTIMIZATION_LEVEL = 0;
				GCC_PREPROCESSOR_DEFINITIONS = (
					"DEBUG=1",
					"$(inherited)",
				);
				GCC_WARN_64_TO_32_BIT_CONVERSION = YES;
				GCC_WARN_ABOUT_RETURN_TYPE = YES_ERROR;
				GCC_WARN_UNDECLARED_SELECTOR = YES;
				GCC_WARN_UNINITIALIZED_AUTOS = YES_AGGRESSIVE;
				GCC_WARN_UNUSED_FUNCTION = YES;
				GCC_WARN_UNUSED_VARIABLE = YES;
				IPHONEOS_DEPLOYMENT_TARGET = 12.0;
				MTL_ENABLE_DEBUG_INFO = INCLUDE_SOURCE;
				MTL_FAST_MATH = YES;
				ONLY_ACTIVE_ARCH = YES;
				SDKROOT = iphoneos;
				SWIFT_ACTIVE_COMPILATION_CONDITIONS = DEBUG;
				SWIFT_OPTIMIZATION_LEVEL = "-Onone";
			};
			name = Debug;
		};
		957CD6C1216D995C000CE343 /* Release */ = {
			isa = XCBuildConfiguration;
			buildSettings = {
				ALWAYS_SEARCH_USER_PATHS = NO;
				CLANG_ANALYZER_NONNULL = YES;
				CLANG_ANALYZER_NUMBER_OBJECT_CONVERSION = YES_AGGRESSIVE;
				CLANG_CXX_LANGUAGE_STANDARD = "gnu++14";
				CLANG_CXX_LIBRARY = "libc++";
				CLANG_ENABLE_MODULES = YES;
				CLANG_ENABLE_OBJC_ARC = YES;
				CLANG_ENABLE_OBJC_WEAK = YES;
				CLANG_WARN_BLOCK_CAPTURE_AUTORELEASING = YES;
				CLANG_WARN_BOOL_CONVERSION = YES;
				CLANG_WARN_COMMA = YES;
				CLANG_WARN_CONSTANT_CONVERSION = YES;
				CLANG_WARN_DEPRECATED_OBJC_IMPLEMENTATIONS = YES;
				CLANG_WARN_DIRECT_OBJC_ISA_USAGE = YES_ERROR;
				CLANG_WARN_DOCUMENTATION_COMMENTS = YES;
				CLANG_WARN_EMPTY_BODY = YES;
				CLANG_WARN_ENUM_CONVERSION = YES;
				CLANG_WARN_INFINITE_RECURSION = YES;
				CLANG_WARN_INT_CONVERSION = YES;
				CLANG_WARN_NON_LITERAL_NULL_CONVERSION = YES;
				CLANG_WARN_OBJC_IMPLICIT_RETAIN_SELF = YES;
				CLANG_WARN_OBJC_LITERAL_CONVERSION = YES;
				CLANG_WARN_OBJC_ROOT_CLASS = YES_ERROR;
				CLANG_WARN_RANGE_LOOP_ANALYSIS = YES;
				CLANG_WARN_STRICT_PROTOTYPES = YES;
				CLANG_WARN_SUSPICIOUS_MOVE = YES;
				CLANG_WARN_UNGUARDED_AVAILABILITY = YES_AGGRESSIVE;
				CLANG_WARN_UNREACHABLE_CODE = YES;
				CLANG_WARN__DUPLICATE_METHOD_MATCH = YES;
				CODE_SIGN_IDENTITY = "iPhone Developer";
				COPY_PHASE_STRIP = NO;
				DEBUG_INFORMATION_FORMAT = "dwarf-with-dsym";
				ENABLE_NS_ASSERTIONS = NO;
				ENABLE_STRICT_OBJC_MSGSEND = YES;
				GCC_C_LANGUAGE_STANDARD = gnu11;
				GCC_NO_COMMON_BLOCKS = YES;
				GCC_WARN_64_TO_32_BIT_CONVERSION = YES;
				GCC_WARN_ABOUT_RETURN_TYPE = YES_ERROR;
				GCC_WARN_UNDECLARED_SELECTOR = YES;
				GCC_WARN_UNINITIALIZED_AUTOS = YES_AGGRESSIVE;
				GCC_WARN_UNUSED_FUNCTION = YES;
				GCC_WARN_UNUSED_VARIABLE = YES;
				IPHONEOS_DEPLOYMENT_TARGET = 12.0;
				MTL_ENABLE_DEBUG_INFO = NO;
				MTL_FAST_MATH = YES;
				SDKROOT = iphoneos;
				SWIFT_COMPILATION_MODE = wholemodule;
				SWIFT_OPTIMIZATION_LEVEL = "-O";
				VALIDATE_PRODUCT = YES;
			};
			name = Release;
		};
		957CD6C3216D995C000CE343 /* Debug */ = {
			isa = XCBuildConfiguration;
			baseConfigurationReference = 6F190E17B9C78B61B2D5E588 /* Pods-TIMII3.debug.xcconfig */;
			buildSettings = {
				ASSETCATALOG_COMPILER_APPICON_NAME = AppIcon;
				CODE_SIGN_STYLE = Automatic;
				DEVELOPMENT_TEAM = P7ZV69TNUT;
				INFOPLIST_FILE = TIMII3/Info.plist;
				IPHONEOS_DEPLOYMENT_TARGET = 12.0;
				LD_RUNPATH_SEARCH_PATHS = (
					"$(inherited)",
					"@executable_path/Frameworks",
				);
				PRODUCT_BUNDLE_IDENTIFIER = autonomii.TIMII3;
				PRODUCT_NAME = "$(TARGET_NAME)";
				SWIFT_VERSION = 4.2;
				TARGETED_DEVICE_FAMILY = "1,2";
			};
			name = Debug;
		};
		957CD6C4216D995C000CE343 /* Release */ = {
			isa = XCBuildConfiguration;
			baseConfigurationReference = 58874D64B9EB647EC9DCACE1 /* Pods-TIMII3.release.xcconfig */;
			buildSettings = {
				ASSETCATALOG_COMPILER_APPICON_NAME = AppIcon;
				CODE_SIGN_STYLE = Automatic;
				DEVELOPMENT_TEAM = P7ZV69TNUT;
				INFOPLIST_FILE = TIMII3/Info.plist;
				IPHONEOS_DEPLOYMENT_TARGET = 12.0;
				LD_RUNPATH_SEARCH_PATHS = (
					"$(inherited)",
					"@executable_path/Frameworks",
				);
				PRODUCT_BUNDLE_IDENTIFIER = autonomii.TIMII3;
				PRODUCT_NAME = "$(TARGET_NAME)";
				SWIFT_VERSION = 4.2;
				TARGETED_DEVICE_FAMILY = "1,2";
			};
			name = Release;
		};
		957CD6C6216D995C000CE343 /* Debug */ = {
			isa = XCBuildConfiguration;
			baseConfigurationReference = ED886FF05C322156D098D5AB /* Pods-TIMII3Tests.debug.xcconfig */;
			buildSettings = {
				ALWAYS_EMBED_SWIFT_STANDARD_LIBRARIES = YES;
				BUNDLE_LOADER = "$(TEST_HOST)";
				CODE_SIGN_STYLE = Automatic;
				DEVELOPMENT_TEAM = P7ZV69TNUT;
				INFOPLIST_FILE = TIMII3Tests/Info.plist;
				LD_RUNPATH_SEARCH_PATHS = (
					"$(inherited)",
					"@executable_path/Frameworks",
					"@loader_path/Frameworks",
				);
				PRODUCT_BUNDLE_IDENTIFIER = autonomii.TIMII3Tests;
				PRODUCT_NAME = "$(TARGET_NAME)";
				SWIFT_VERSION = 4.2;
				TARGETED_DEVICE_FAMILY = "1,2";
				TEST_HOST = "$(BUILT_PRODUCTS_DIR)/TIMII3.app/TIMII3";
			};
			name = Debug;
		};
		957CD6C7216D995C000CE343 /* Release */ = {
			isa = XCBuildConfiguration;
			baseConfigurationReference = 95712A9A5AEB0D218884A9F5 /* Pods-TIMII3Tests.release.xcconfig */;
			buildSettings = {
				ALWAYS_EMBED_SWIFT_STANDARD_LIBRARIES = YES;
				BUNDLE_LOADER = "$(TEST_HOST)";
				CODE_SIGN_STYLE = Automatic;
				DEVELOPMENT_TEAM = P7ZV69TNUT;
				INFOPLIST_FILE = TIMII3Tests/Info.plist;
				LD_RUNPATH_SEARCH_PATHS = (
					"$(inherited)",
					"@executable_path/Frameworks",
					"@loader_path/Frameworks",
				);
				PRODUCT_BUNDLE_IDENTIFIER = autonomii.TIMII3Tests;
				PRODUCT_NAME = "$(TARGET_NAME)";
				SWIFT_VERSION = 4.2;
				TARGETED_DEVICE_FAMILY = "1,2";
				TEST_HOST = "$(BUILT_PRODUCTS_DIR)/TIMII3.app/TIMII3";
			};
			name = Release;
		};
		957CD6C9216D995C000CE343 /* Debug */ = {
			isa = XCBuildConfiguration;
			baseConfigurationReference = CA5FE0379ECC65832EEBAD4A /* Pods-TIMII3UITests.debug.xcconfig */;
			buildSettings = {
				ALWAYS_EMBED_SWIFT_STANDARD_LIBRARIES = YES;
				CODE_SIGN_STYLE = Automatic;
				DEVELOPMENT_TEAM = P7ZV69TNUT;
				INFOPLIST_FILE = TIMII3UITests/Info.plist;
				LD_RUNPATH_SEARCH_PATHS = (
					"$(inherited)",
					"@executable_path/Frameworks",
					"@loader_path/Frameworks",
				);
				PRODUCT_BUNDLE_IDENTIFIER = autonomii.TIMII3UITests;
				PRODUCT_NAME = "$(TARGET_NAME)";
				SWIFT_VERSION = 4.2;
				TARGETED_DEVICE_FAMILY = "1,2";
				TEST_TARGET_NAME = TIMII3;
			};
			name = Debug;
		};
		957CD6CA216D995C000CE343 /* Release */ = {
			isa = XCBuildConfiguration;
			baseConfigurationReference = 5C6E2750660F39C3A454D323 /* Pods-TIMII3UITests.release.xcconfig */;
			buildSettings = {
				ALWAYS_EMBED_SWIFT_STANDARD_LIBRARIES = YES;
				CODE_SIGN_STYLE = Automatic;
				DEVELOPMENT_TEAM = P7ZV69TNUT;
				INFOPLIST_FILE = TIMII3UITests/Info.plist;
				LD_RUNPATH_SEARCH_PATHS = (
					"$(inherited)",
					"@executable_path/Frameworks",
					"@loader_path/Frameworks",
				);
				PRODUCT_BUNDLE_IDENTIFIER = autonomii.TIMII3UITests;
				PRODUCT_NAME = "$(TARGET_NAME)";
				SWIFT_VERSION = 4.2;
				TARGETED_DEVICE_FAMILY = "1,2";
				TEST_TARGET_NAME = TIMII3;
			};
			name = Release;
		};
/* End XCBuildConfiguration section */

/* Begin XCConfigurationList section */
		957CD695216D995B000CE343 /* Build configuration list for PBXProject "TIMII3" */ = {
			isa = XCConfigurationList;
			buildConfigurations = (
				957CD6C0216D995C000CE343 /* Debug */,
				957CD6C1216D995C000CE343 /* Release */,
			);
			defaultConfigurationIsVisible = 0;
			defaultConfigurationName = Release;
		};
		957CD6C2216D995C000CE343 /* Build configuration list for PBXNativeTarget "TIMII3" */ = {
			isa = XCConfigurationList;
			buildConfigurations = (
				957CD6C3216D995C000CE343 /* Debug */,
				957CD6C4216D995C000CE343 /* Release */,
			);
			defaultConfigurationIsVisible = 0;
			defaultConfigurationName = Release;
		};
		957CD6C5216D995C000CE343 /* Build configuration list for PBXNativeTarget "TIMII3Tests" */ = {
			isa = XCConfigurationList;
			buildConfigurations = (
				957CD6C6216D995C000CE343 /* Debug */,
				957CD6C7216D995C000CE343 /* Release */,
			);
			defaultConfigurationIsVisible = 0;
			defaultConfigurationName = Release;
		};
		957CD6C8216D995C000CE343 /* Build configuration list for PBXNativeTarget "TIMII3UITests" */ = {
			isa = XCConfigurationList;
			buildConfigurations = (
				957CD6C9216D995C000CE343 /* Debug */,
				957CD6CA216D995C000CE343 /* Release */,
			);
			defaultConfigurationIsVisible = 0;
			defaultConfigurationName = Release;
		};
/* End XCConfigurationList section */
	};
	rootObject = 957CD692216D995B000CE343 /* Project object */;
}
