// !$*UTF8*$!
{
	archiveVersion = 1;
	classes = {
	};
	objectVersion = 50;
	objects = {

/* Begin PBXBuildFile section */
		957CD69E216D995B000CE343 /* AppDelegate.swift in Sources */ = {isa = PBXBuildFile; fileRef = 957CD69D216D995B000CE343 /* AppDelegate.swift */; };
		957CD6A0216D995B000CE343 /* ViewController.swift in Sources */ = {isa = PBXBuildFile; fileRef = 957CD69F216D995B000CE343 /* ViewController.swift */; };
		957CD6A3216D995B000CE343 /* Main.storyboard in Resources */ = {isa = PBXBuildFile; fileRef = 957CD6A1216D995B000CE343 /* Main.storyboard */; };
		957CD6A5216D995C000CE343 /* Assets.xcassets in Resources */ = {isa = PBXBuildFile; fileRef = 957CD6A4216D995C000CE343 /* Assets.xcassets */; };
		957CD6A8216D995C000CE343 /* LaunchScreen.storyboard in Resources */ = {isa = PBXBuildFile; fileRef = 957CD6A6216D995C000CE343 /* LaunchScreen.storyboard */; };
		957CD6B3216D995C000CE343 /* TIMII3Tests.swift in Sources */ = {isa = PBXBuildFile; fileRef = 957CD6B2216D995C000CE343 /* TIMII3Tests.swift */; };
		957CD6BE216D995C000CE343 /* TIMII3UITests.swift in Sources */ = {isa = PBXBuildFile; fileRef = 957CD6BD216D995C000CE343 /* TIMII3UITests.swift */; };
/* End PBXBuildFile section */

/* Begin PBXContainerItemProxy section */
		957CD6AF216D995C000CE343 /* PBXContainerItemProxy */ = {
			isa = PBXContainerItemProxy;
			containerPortal = 957CD692216D995B000CE343 /* Project object */;
			proxyType = 1;
			remoteGlobalIDString = 957CD699216D995B000CE343;
			remoteInfo = TIMII3;
		};
		957CD6BA216D995C000CE343 /* PBXContainerItemProxy */ = {
			isa = PBXContainerItemProxy;
			containerPortal = 957CD692216D995B000CE343 /* Project object */;
			proxyType = 1;
			remoteGlobalIDString = 957CD699216D995B000CE343;
			remoteInfo = TIMII3;
		};
/* End PBXContainerItemProxy section */

/* Begin PBXFileReference section */
		957CD69A216D995B000CE343 /* TIMII3.app */ = {isa = PBXFileReference; explicitFileType = wrapper.application; includeInIndex = 0; path = TIMII3.app; sourceTree = BUILT_PRODUCTS_DIR; };
		957CD69D216D995B000CE343 /* AppDelegate.swift */ = {isa = PBXFileReference; lastKnownFileType = sourcecode.swift; path = AppDelegate.swift; sourceTree = "<group>"; };
		957CD69F216D995B000CE343 /* ViewController.swift */ = {isa = PBXFileReference; lastKnownFileType = sourcecode.swift; path = ViewController.swift; sourceTree = "<group>"; };
		957CD6A2216D995B000CE343 /* Base */ = {isa = PBXFileReference; lastKnownFileType = file.storyboard; name = Base; path = Base.lproj/Main.storyboard; sourceTree = "<group>"; };
		957CD6A4216D995C000CE343 /* Assets.xcassets */ = {isa = PBXFileReference; lastKnownFileType = folder.assetcatalog; path = Assets.xcassets; sourceTree = "<group>"; };
		957CD6A7216D995C000CE343 /* Base */ = {isa = PBXFileReference; lastKnownFileType = file.storyboard; name = Base; path = Base.lproj/LaunchScreen.storyboard; sourceTree = "<group>"; };
		957CD6A9216D995C000CE343 /* Info.plist */ = {isa = PBXFileReference; lastKnownFileType = text.plist.xml; path = Info.plist; sourceTree = "<group>"; };
		957CD6AE216D995C000CE343 /* TIMII3Tests.xctest */ = {isa = PBXFileReference; explicitFileType = wrapper.cfbundle; includeInIndex = 0; path = TIMII3Tests.xctest; sourceTree = BUILT_PRODUCTS_DIR; };
		957CD6B2216D995C000CE343 /* TIMII3Tests.swift */ = {isa = PBXFileReference; lastKnownFileType = sourcecode.swift; path = TIMII3Tests.swift; sourceTree = "<group>"; };
		957CD6B4216D995C000CE343 /* Info.plist */ = {isa = PBXFileReference; lastKnownFileType = text.plist.xml; path = Info.plist; sourceTree = "<group>"; };
		957CD6B9216D995C000CE343 /* TIMII3UITests.xctest */ = {isa = PBXFileReference; explicitFileType = wrapper.cfbundle; includeInIndex = 0; path = TIMII3UITests.xctest; sourceTree = BUILT_PRODUCTS_DIR; };
		957CD6BD216D995C000CE343 /* TIMII3UITests.swift */ = {isa = PBXFileReference; lastKnownFileType = sourcecode.swift; path = TIMII3UITests.swift; sourceTree = "<group>"; };
		957CD6BF216D995C000CE343 /* Info.plist */ = {isa = PBXFileReference; lastKnownFileType = text.plist.xml; path = Info.plist; sourceTree = "<group>"; };
/* End PBXFileReference section */

/* Begin PBXFrameworksBuildPhase section */
		957CD697216D995B000CE343 /* Frameworks */ = {
			isa = PBXFrameworksBuildPhase;
			buildActionMask = 2147483647;
			files = (
			);
			runOnlyForDeploymentPostprocessing = 0;
		};
		957CD6AB216D995C000CE343 /* Frameworks */ = {
			isa = PBXFrameworksBuildPhase;
			buildActionMask = 2147483647;
			files = (
			);
			runOnlyForDeploymentPostprocessing = 0;
		};
		957CD6B6216D995C000CE343 /* Frameworks */ = {
			isa = PBXFrameworksBuildPhase;
			buildActionMask = 2147483647;
			files = (
			);
			runOnlyForDeploymentPostprocessing = 0;
		};
/* End PBXFrameworksBuildPhase section */

/* Begin PBXGroup section */
		957CD691216D995B000CE343 = {
			isa = PBXGroup;
			children = (
				957CD69C216D995B000CE343 /* TIMII3 */,
				957CD6B1216D995C000CE343 /* TIMII3Tests */,
				957CD6BC216D995C000CE343 /* TIMII3UITests */,
				957CD69B216D995B000CE343 /* Products */,
			);
			sourceTree = "<group>";
		};
		957CD69B216D995B000CE343 /* Products */ = {
			isa = PBXGroup;
			children = (
				957CD69A216D995B000CE343 /* TIMII3.app */,
				957CD6AE216D995C000CE343 /* TIMII3Tests.xctest */,
				957CD6B9216D995C000CE343 /* TIMII3UITests.xctest */,
			);
			name = Products;
			sourceTree = "<group>";
		};
		957CD69C216D995B000CE343 /* TIMII3 */ = {
			isa = PBXGroup;
			children = (
				957CD69D216D995B000CE343 /* AppDelegate.swift */,
				957CD69F216D995B000CE343 /* ViewController.swift */,
				957CD6A1216D995B000CE343 /* Main.storyboard */,
				957CD6A4216D995C000CE343 /* Assets.xcassets */,
				957CD6A6216D995C000CE343 /* LaunchScreen.storyboard */,
				957CD6A9216D995C000CE343 /* Info.plist */,
			);
			path = TIMII3;
			sourceTree = "<group>";
		};
		957CD6B1216D995C000CE343 /* TIMII3Tests */ = {
			isa = PBXGroup;
			children = (
				957CD6B2216D995C000CE343 /* TIMII3Tests.swift */,
				957CD6B4216D995C000CE343 /* Info.plist */,
			);
			path = TIMII3Tests;
			sourceTree = "<group>";
		};
		957CD6BC216D995C000CE343 /* TIMII3UITests */ = {
			isa = PBXGroup;
			children = (
				957CD6BD216D995C000CE343 /* TIMII3UITests.swift */,
				957CD6BF216D995C000CE343 /* Info.plist */,
			);
			path = TIMII3UITests;
			sourceTree = "<group>";
		};
/* End PBXGroup section */

/* Begin PBXNativeTarget section */
		957CD699216D995B000CE343 /* TIMII3 */ = {
			isa = PBXNativeTarget;
			buildConfigurationList = 957CD6C2216D995C000CE343 /* Build configuration list for PBXNativeTarget "TIMII3" */;
			buildPhases = (
				957CD696216D995B000CE343 /* Sources */,
				957CD697216D995B000CE343 /* Frameworks */,
				957CD698216D995B000CE343 /* Resources */,
			);
			buildRules = (
			);
			dependencies = (
			);
			name = TIMII3;
			productName = TIMII3;
			productReference = 957CD69A216D995B000CE343 /* TIMII3.app */;
			productType = "com.apple.product-type.application";
		};
		957CD6AD216D995C000CE343 /* TIMII3Tests */ = {
			isa = PBXNativeTarget;
			buildConfigurationList = 957CD6C5216D995C000CE343 /* Build configuration list for PBXNativeTarget "TIMII3Tests" */;
			buildPhases = (
				957CD6AA216D995C000CE343 /* Sources */,
				957CD6AB216D995C000CE343 /* Frameworks */,
				957CD6AC216D995C000CE343 /* Resources */,
			);
			buildRules = (
			);
			dependencies = (
				957CD6B0216D995C000CE343 /* PBXTargetDependency */,
			);
			name = TIMII3Tests;
			productName = TIMII3Tests;
			productReference = 957CD6AE216D995C000CE343 /* TIMII3Tests.xctest */;
			productType = "com.apple.product-type.bundle.unit-test";
		};
		957CD6B8216D995C000CE343 /* TIMII3UITests */ = {
			isa = PBXNativeTarget;
			buildConfigurationList = 957CD6C8216D995C000CE343 /* Build configuration list for PBXNativeTarget "TIMII3UITests" */;
			buildPhases = (
				957CD6B5216D995C000CE343 /* Sources */,
				957CD6B6216D995C000CE343 /* Frameworks */,
				957CD6B7216D995C000CE343 /* Resources */,
			);
			buildRules = (
			);
			dependencies = (
				957CD6BB216D995C000CE343 /* PBXTargetDependency */,
			);
			name = TIMII3UITests;
			productName = TIMII3UITests;
			productReference = 957CD6B9216D995C000CE343 /* TIMII3UITests.xctest */;
			productType = "com.apple.product-type.bundle.ui-testing";
		};
/* End PBXNativeTarget section */

/* Begin PBXProject section */
		957CD692216D995B000CE343 /* Project object */ = {
			isa = PBXProject;
			attributes = {
				LastSwiftUpdateCheck = 1000;
				LastUpgradeCheck = 1000;
				ORGANIZATIONNAME = Autonomii;
				TargetAttributes = {
					957CD699216D995B000CE343 = {
						CreatedOnToolsVersion = 10.0;
					};
					957CD6AD216D995C000CE343 = {
						CreatedOnToolsVersion = 10.0;
						TestTargetID = 957CD699216D995B000CE343;
					};
					957CD6B8216D995C000CE343 = {
						CreatedOnToolsVersion = 10.0;
						TestTargetID = 957CD699216D995B000CE343;
					};
				};
			};
			buildConfigurationList = 957CD695216D995B000CE343 /* Build configuration list for PBXProject "TIMII3" */;
			compatibilityVersion = "Xcode 9.3";
			developmentRegion = en;
			hasScannedForEncodings = 0;
			knownRegions = (
				en,
				Base,
			);
			mainGroup = 957CD691216D995B000CE343;
			productRefGroup = 957CD69B216D995B000CE343 /* Products */;
			projectDirPath = "";
			projectRoot = "";
			targets = (
				957CD699216D995B000CE343 /* TIMII3 */,
				957CD6AD216D995C000CE343 /* TIMII3Tests */,
				957CD6B8216D995C000CE343 /* TIMII3UITests */,
			);
		};
/* End PBXProject section */

/* Begin PBXResourcesBuildPhase section */
		957CD698216D995B000CE343 /* Resources */ = {
			isa = PBXResourcesBuildPhase;
			buildActionMask = 2147483647;
			files = (
				957CD6A8216D995C000CE343 /* LaunchScreen.storyboard in Resources */,
				957CD6A5216D995C000CE343 /* Assets.xcassets in Resources */,
				957CD6A3216D995B000CE343 /* Main.storyboard in Resources */,
			);
			runOnlyForDeploymentPostprocessing = 0;
		};
		957CD6AC216D995C000CE343 /* Resources */ = {
			isa = PBXResourcesBuildPhase;
			buildActionMask = 2147483647;
			files = (
			);
			runOnlyForDeploymentPostprocessing = 0;
		};
		957CD6B7216D995C000CE343 /* Resources */ = {
			isa = PBXResourcesBuildPhase;
			buildActionMask = 2147483647;
			files = (
			);
			runOnlyForDeploymentPostprocessing = 0;
		};
/* End PBXResourcesBuildPhase section */

/* Begin PBXSourcesBuildPhase section */
		957CD696216D995B000CE343 /* Sources */ = {
			isa = PBXSourcesBuildPhase;
			buildActionMask = 2147483647;
			files = (
				957CD6A0216D995B000CE343 /* ViewController.swift in Sources */,
				957CD69E216D995B000CE343 /* AppDelegate.swift in Sources */,
			);
			runOnlyForDeploymentPostprocessing = 0;
		};
		957CD6AA216D995C000CE343 /* Sources */ = {
			isa = PBXSourcesBuildPhase;
			buildActionMask = 2147483647;
			files = (
				957CD6B3216D995C000CE343 /* TIMII3Tests.swift in Sources */,
			);
			runOnlyForDeploymentPostprocessing = 0;
		};
		957CD6B5216D995C000CE343 /* Sources */ = {
			isa = PBXSourcesBuildPhase;
			buildActionMask = 2147483647;
			files = (
				957CD6BE216D995C000CE343 /* TIMII3UITests.swift in Sources */,
			);
			runOnlyForDeploymentPostprocessing = 0;
		};
/* End PBXSourcesBuildPhase section */

/* Begin PBXTargetDependency section */
		957CD6B0216D995C000CE343 /* PBXTargetDependency */ = {
			isa = PBXTargetDependency;
			target = 957CD699216D995B000CE343 /* TIMII3 */;
			targetProxy = 957CD6AF216D995C000CE343 /* PBXContainerItemProxy */;
		};
		957CD6BB216D995C000CE343 /* PBXTargetDependency */ = {
			isa = PBXTargetDependency;
			target = 957CD699216D995B000CE343 /* TIMII3 */;
			targetProxy = 957CD6BA216D995C000CE343 /* PBXContainerItemProxy */;
		};
/* End PBXTargetDependency section */

/* Begin PBXVariantGroup section */
		957CD6A1216D995B000CE343 /* Main.storyboard */ = {
			isa = PBXVariantGroup;
			children = (
				957CD6A2216D995B000CE343 /* Base */,
			);
			name = Main.storyboard;
			sourceTree = "<group>";
		};
		957CD6A6216D995C000CE343 /* LaunchScreen.storyboard */ = {
			isa = PBXVariantGroup;
			children = (
				957CD6A7216D995C000CE343 /* Base */,
			);
			name = LaunchScreen.storyboard;
			sourceTree = "<group>";
		};
/* End PBXVariantGroup section */

/* Begin XCBuildConfiguration section */
		957CD6C0216D995C000CE343 /* Debug */ = {
			isa = XCBuildConfiguration;
			buildSettings = {
				ALWAYS_SEARCH_USER_PATHS = NO;
				CLANG_ANALYZER_NONNULL = YES;
				CLANG_ANALYZER_NUMBER_OBJECT_CONVERSION = YES_AGGRESSIVE;
				CLANG_CXX_LANGUAGE_STANDARD = "gnu++14";
				CLANG_CXX_LIBRARY = "libc++";
				CLANG_ENABLE_MODULES = YES;
				CLANG_ENABLE_OBJC_ARC = YES;
				CLANG_ENABLE_OBJC_WEAK = YES;
				CLANG_WARN_BLOCK_CAPTURE_AUTORELEASING = YES;
				CLANG_WARN_BOOL_CONVERSION = YES;
				CLANG_WARN_COMMA = YES;
				CLANG_WARN_CONSTANT_CONVERSION = YES;
				CLANG_WARN_DEPRECATED_OBJC_IMPLEMENTATIONS = YES;
				CLANG_WARN_DIRECT_OBJC_ISA_USAGE = YES_ERROR;
				CLANG_WARN_DOCUMENTATION_COMMENTS = YES;
				CLANG_WARN_EMPTY_BODY = YES;
				CLANG_WARN_ENUM_CONVERSION = YES;
				CLANG_WARN_INFINITE_RECURSION = YES;
				CLANG_WARN_INT_CONVERSION = YES;
				CLANG_WARN_NON_LITERAL_NULL_CONVERSION = YES;
				CLANG_WARN_OBJC_IMPLICIT_RETAIN_SELF = YES;
				CLANG_WARN_OBJC_LITERAL_CONVERSION = YES;
				CLANG_WARN_OBJC_ROOT_CLASS = YES_ERROR;
				CLANG_WARN_RANGE_LOOP_ANALYSIS = YES;
				CLANG_WARN_STRICT_PROTOTYPES = YES;
				CLANG_WARN_SUSPICIOUS_MOVE = YES;
				CLANG_WARN_UNGUARDED_AVAILABILITY = YES_AGGRESSIVE;
				CLANG_WARN_UNREACHABLE_CODE = YES;
				CLANG_WARN__DUPLICATE_METHOD_MATCH = YES;
				CODE_SIGN_IDENTITY = "iPhone Developer";
				COPY_PHASE_STRIP = NO;
				DEBUG_INFORMATION_FORMAT = dwarf;
				ENABLE_STRICT_OBJC_MSGSEND = YES;
				ENABLE_TESTABILITY = YES;
				GCC_C_LANGUAGE_STANDARD = gnu11;
				GCC_DYNAMIC_NO_PIC = NO;
				GCC_NO_COMMON_BLOCKS = YES;
				GCC_OPTIMIZATION_LEVEL = 0;
				GCC_PREPROCESSOR_DEFINITIONS = (
					"DEBUG=1",
					"$(inherited)",
				);
				GCC_WARN_64_TO_32_BIT_CONVERSION = YES;
				GCC_WARN_ABOUT_RETURN_TYPE = YES_ERROR;
				GCC_WARN_UNDECLARED_SELECTOR = YES;
				GCC_WARN_UNINITIALIZED_AUTOS = YES_AGGRESSIVE;
				GCC_WARN_UNUSED_FUNCTION = YES;
				GCC_WARN_UNUSED_VARIABLE = YES;
				IPHONEOS_DEPLOYMENT_TARGET = 12.0;
				MTL_ENABLE_DEBUG_INFO = INCLUDE_SOURCE;
				MTL_FAST_MATH = YES;
				ONLY_ACTIVE_ARCH = YES;
				SDKROOT = iphoneos;
				SWIFT_ACTIVE_COMPILATION_CONDITIONS = DEBUG;
				SWIFT_OPTIMIZATION_LEVEL = "-Onone";
			};
			name = Debug;
		};
		957CD6C1216D995C000CE343 /* Release */ = {
			isa = XCBuildConfiguration;
			buildSettings = {
				ALWAYS_SEARCH_USER_PATHS = NO;
				CLANG_ANALYZER_NONNULL = YES;
				CLANG_ANALYZER_NUMBER_OBJECT_CONVERSION = YES_AGGRESSIVE;
				CLANG_CXX_LANGUAGE_STANDARD = "gnu++14";
				CLANG_CXX_LIBRARY = "libc++";
				CLANG_ENABLE_MODULES = YES;
				CLANG_ENABLE_OBJC_ARC = YES;
				CLANG_ENABLE_OBJC_WEAK = YES;
				CLANG_WARN_BLOCK_CAPTURE_AUTORELEASING = YES;
				CLANG_WARN_BOOL_CONVERSION = YES;
				CLANG_WARN_COMMA = YES;
				CLANG_WARN_CONSTANT_CONVERSION = YES;
				CLANG_WARN_DEPRECATED_OBJC_IMPLEMENTATIONS = YES;
				CLANG_WARN_DIRECT_OBJC_ISA_USAGE = YES_ERROR;
				CLANG_WARN_DOCUMENTATION_COMMENTS = YES;
				CLANG_WARN_EMPTY_BODY = YES;
				CLANG_WARN_ENUM_CONVERSION = YES;
				CLANG_WARN_INFINITE_RECURSION = YES;
				CLANG_WARN_INT_CONVERSION = YES;
				CLANG_WARN_NON_LITERAL_NULL_CONVERSION = YES;
				CLANG_WARN_OBJC_IMPLICIT_RETAIN_SELF = YES;
				CLANG_WARN_OBJC_LITERAL_CONVERSION = YES;
				CLANG_WARN_OBJC_ROOT_CLASS = YES_ERROR;
				CLANG_WARN_RANGE_LOOP_ANALYSIS = YES;
				CLANG_WARN_STRICT_PROTOTYPES = YES;
				CLANG_WARN_SUSPICIOUS_MOVE = YES;
				CLANG_WARN_UNGUARDED_AVAILABILITY = YES_AGGRESSIVE;
				CLANG_WARN_UNREACHABLE_CODE = YES;
				CLANG_WARN__DUPLICATE_METHOD_MATCH = YES;
				CODE_SIGN_IDENTITY = "iPhone Developer";
				COPY_PHASE_STRIP = NO;
				DEBUG_INFORMATION_FORMAT = "dwarf-with-dsym";
				ENABLE_NS_ASSERTIONS = NO;
				ENABLE_STRICT_OBJC_MSGSEND = YES;
				GCC_C_LANGUAGE_STANDARD = gnu11;
				GCC_NO_COMMON_BLOCKS = YES;
				GCC_WARN_64_TO_32_BIT_CONVERSION = YES;
				GCC_WARN_ABOUT_RETURN_TYPE = YES_ERROR;
				GCC_WARN_UNDECLARED_SELECTOR = YES;
				GCC_WARN_UNINITIALIZED_AUTOS = YES_AGGRESSIVE;
				GCC_WARN_UNUSED_FUNCTION = YES;
				GCC_WARN_UNUSED_VARIABLE = YES;
				IPHONEOS_DEPLOYMENT_TARGET = 12.0;
				MTL_ENABLE_DEBUG_INFO = NO;
				MTL_FAST_MATH = YES;
				SDKROOT = iphoneos;
				SWIFT_COMPILATION_MODE = wholemodule;
				SWIFT_OPTIMIZATION_LEVEL = "-O";
				VALIDATE_PRODUCT = YES;
			};
			name = Release;
		};
		957CD6C3216D995C000CE343 /* Debug */ = {
			isa = XCBuildConfiguration;
			buildSettings = {
				ASSETCATALOG_COMPILER_APPICON_NAME = AppIcon;
				CODE_SIGN_STYLE = Automatic;
				DEVELOPMENT_TEAM = P7ZV69TNUT;
				INFOPLIST_FILE = TIMII3/Info.plist;
				LD_RUNPATH_SEARCH_PATHS = (
					"$(inherited)",
					"@executable_path/Frameworks",
				);
				PRODUCT_BUNDLE_IDENTIFIER = autonomii.TIMII3;
				PRODUCT_NAME = "$(TARGET_NAME)";
				SWIFT_VERSION = 4.2;
				TARGETED_DEVICE_FAMILY = "1,2";
			};
			name = Debug;
		};
		957CD6C4216D995C000CE343 /* Release */ = {
			isa = XCBuildConfiguration;
			buildSettings = {
				ASSETCATALOG_COMPILER_APPICON_NAME = AppIcon;
				CODE_SIGN_STYLE = Automatic;
				DEVELOPMENT_TEAM = P7ZV69TNUT;
				INFOPLIST_FILE = TIMII3/Info.plist;
				LD_RUNPATH_SEARCH_PATHS = (
					"$(inherited)",
					"@executable_path/Frameworks",
				);
				PRODUCT_BUNDLE_IDENTIFIER = autonomii.TIMII3;
				PRODUCT_NAME = "$(TARGET_NAME)";
				SWIFT_VERSION = 4.2;
				TARGETED_DEVICE_FAMILY = "1,2";
			};
			name = Release;
		};
		957CD6C6216D995C000CE343 /* Debug */ = {
			isa = XCBuildConfiguration;
			buildSettings = {
				ALWAYS_EMBED_SWIFT_STANDARD_LIBRARIES = YES;
				BUNDLE_LOADER = "$(TEST_HOST)";
				CODE_SIGN_STYLE = Automatic;
				DEVELOPMENT_TEAM = P7ZV69TNUT;
				INFOPLIST_FILE = TIMII3Tests/Info.plist;
				LD_RUNPATH_SEARCH_PATHS = (
					"$(inherited)",
					"@executable_path/Frameworks",
					"@loader_path/Frameworks",
				);
				PRODUCT_BUNDLE_IDENTIFIER = autonomii.TIMII3Tests;
				PRODUCT_NAME = "$(TARGET_NAME)";
				SWIFT_VERSION = 4.2;
				TARGETED_DEVICE_FAMILY = "1,2";
				TEST_HOST = "$(BUILT_PRODUCTS_DIR)/TIMII3.app/TIMII3";
			};
			name = Debug;
		};
		957CD6C7216D995C000CE343 /* Release */ = {
			isa = XCBuildConfiguration;
			buildSettings = {
				ALWAYS_EMBED_SWIFT_STANDARD_LIBRARIES = YES;
				BUNDLE_LOADER = "$(TEST_HOST)";
				CODE_SIGN_STYLE = Automatic;
				DEVELOPMENT_TEAM = P7ZV69TNUT;
				INFOPLIST_FILE = TIMII3Tests/Info.plist;
				LD_RUNPATH_SEARCH_PATHS = (
					"$(inherited)",
					"@executable_path/Frameworks",
					"@loader_path/Frameworks",
				);
				PRODUCT_BUNDLE_IDENTIFIER = autonomii.TIMII3Tests;
				PRODUCT_NAME = "$(TARGET_NAME)";
				SWIFT_VERSION = 4.2;
				TARGETED_DEVICE_FAMILY = "1,2";
				TEST_HOST = "$(BUILT_PRODUCTS_DIR)/TIMII3.app/TIMII3";
			};
			name = Release;
		};
		957CD6C9216D995C000CE343 /* Debug */ = {
			isa = XCBuildConfiguration;
			buildSettings = {
				ALWAYS_EMBED_SWIFT_STANDARD_LIBRARIES = YES;
				CODE_SIGN_STYLE = Automatic;
				DEVELOPMENT_TEAM = P7ZV69TNUT;
				INFOPLIST_FILE = TIMII3UITests/Info.plist;
				LD_RUNPATH_SEARCH_PATHS = (
					"$(inherited)",
					"@executable_path/Frameworks",
					"@loader_path/Frameworks",
				);
				PRODUCT_BUNDLE_IDENTIFIER = autonomii.TIMII3UITests;
				PRODUCT_NAME = "$(TARGET_NAME)";
				SWIFT_VERSION = 4.2;
				TARGETED_DEVICE_FAMILY = "1,2";
				TEST_TARGET_NAME = TIMII3;
			};
			name = Debug;
		};
		957CD6CA216D995C000CE343 /* Release */ = {
			isa = XCBuildConfiguration;
			buildSettings = {
				ALWAYS_EMBED_SWIFT_STANDARD_LIBRARIES = YES;
				CODE_SIGN_STYLE = Automatic;
				DEVELOPMENT_TEAM = P7ZV69TNUT;
				INFOPLIST_FILE = TIMII3UITests/Info.plist;
				LD_RUNPATH_SEARCH_PATHS = (
					"$(inherited)",
					"@executable_path/Frameworks",
					"@loader_path/Frameworks",
				);
				PRODUCT_BUNDLE_IDENTIFIER = autonomii.TIMII3UITests;
				PRODUCT_NAME = "$(TARGET_NAME)";
				SWIFT_VERSION = 4.2;
				TARGETED_DEVICE_FAMILY = "1,2";
				TEST_TARGET_NAME = TIMII3;
			};
			name = Release;
		};
/* End XCBuildConfiguration section */

/* Begin XCConfigurationList section */
		957CD695216D995B000CE343 /* Build configuration list for PBXProject "TIMII3" */ = {
			isa = XCConfigurationList;
			buildConfigurations = (
				957CD6C0216D995C000CE343 /* Debug */,
				957CD6C1216D995C000CE343 /* Release */,
			);
			defaultConfigurationIsVisible = 0;
			defaultConfigurationName = Release;
		};
		957CD6C2216D995C000CE343 /* Build configuration list for PBXNativeTarget "TIMII3" */ = {
			isa = XCConfigurationList;
			buildConfigurations = (
				957CD6C3216D995C000CE343 /* Debug */,
				957CD6C4216D995C000CE343 /* Release */,
			);
			defaultConfigurationIsVisible = 0;
			defaultConfigurationName = Release;
		};
		957CD6C5216D995C000CE343 /* Build configuration list for PBXNativeTarget "TIMII3Tests" */ = {
			isa = XCConfigurationList;
			buildConfigurations = (
				957CD6C6216D995C000CE343 /* Debug */,
				957CD6C7216D995C000CE343 /* Release */,
			);
			defaultConfigurationIsVisible = 0;
			defaultConfigurationName = Release;
		};
		957CD6C8216D995C000CE343 /* Build configuration list for PBXNativeTarget "TIMII3UITests" */ = {
			isa = XCConfigurationList;
			buildConfigurations = (
				957CD6C9216D995C000CE343 /* Debug */,
				957CD6CA216D995C000CE343 /* Release */,
			);
			defaultConfigurationIsVisible = 0;
			defaultConfigurationName = Release;
		};
/* End XCConfigurationList section */
	};
	rootObject = 957CD692216D995B000CE343 /* Project object */;
}
